// !$*UTF8*$!
{
	archiveVersion = 1;
	classes = {
	};
	objectVersion = 52;
	objects = {

/* Begin PBXBuildFile section */
		180C446071B7A65334C42A4D /* Pods_Sellers_Spot.framework in Frameworks */ = {isa = PBXBuildFile; fileRef = B16F95FE0404E0CB19E13277 /* Pods_Sellers_Spot.framework */; };
		6121F100250A82550062503C /* AppDelegate.swift in Sources */ = {isa = PBXBuildFile; fileRef = 6121F0FF250A82550062503C /* AppDelegate.swift */; };
		6121F102250A82550062503C /* SceneDelegate.swift in Sources */ = {isa = PBXBuildFile; fileRef = 6121F101250A82550062503C /* SceneDelegate.swift */; };
		6121F109250A82580062503C /* Preview Assets.xcassets in Resources */ = {isa = PBXBuildFile; fileRef = 6121F108250A82580062503C /* Preview Assets.xcassets */; };
		6121F10C250A82580062503C /* LaunchScreen.storyboard in Resources */ = {isa = PBXBuildFile; fileRef = 6121F10A250A82580062503C /* LaunchScreen.storyboard */; };
		6121F117250A82580062503C /* Sellers_SpotTests.swift in Sources */ = {isa = PBXBuildFile; fileRef = 6121F116250A82580062503C /* Sellers_SpotTests.swift */; };
		6121F122250A82580062503C /* Sellers_SpotUITests.swift in Sources */ = {isa = PBXBuildFile; fileRef = 6121F121250A82580062503C /* Sellers_SpotUITests.swift */; };
		6121F133250A82730062503C /* Assets.xcassets in Resources */ = {isa = PBXBuildFile; fileRef = 6121F130250A82730062503C /* Assets.xcassets */; };
		6121F134250A82730062503C /* ContentView.swift in Sources */ = {isa = PBXBuildFile; fileRef = 6121F131250A82730062503C /* ContentView.swift */; };
		6121F142250A82840062503C /* AccountMain.swift in Sources */ = {isa = PBXBuildFile; fileRef = 6121F136250A82840062503C /* AccountMain.swift */; };
		6121F144250A82840062503C /* PostGroup.swift in Sources */ = {isa = PBXBuildFile; fileRef = 6121F13A250A82840062503C /* PostGroup.swift */; };
		6121F145250A82840062503C /* EachPost.swift in Sources */ = {isa = PBXBuildFile; fileRef = 6121F13B250A82840062503C /* EachPost.swift */; };
		6121F146250A82840062503C /* HomeMain.swift in Sources */ = {isa = PBXBuildFile; fileRef = 6121F13C250A82840062503C /* HomeMain.swift */; };
		6121F147250A82840062503C /* MessageRow.swift in Sources */ = {isa = PBXBuildFile; fileRef = 6121F13E250A82840062503C /* MessageRow.swift */; };
		6121F148250A82840062503C /* ChatBoxView.swift in Sources */ = {isa = PBXBuildFile; fileRef = 6121F13F250A82840062503C /* ChatBoxView.swift */; };
		6121F149250A82840062503C /* MessagesMain.swift in Sources */ = {isa = PBXBuildFile; fileRef = 6121F140250A82840062503C /* MessagesMain.swift */; };
		6121F14A250A82840062503C /* MessagesListView.swift in Sources */ = {isa = PBXBuildFile; fileRef = 6121F141250A82840062503C /* MessagesListView.swift */; };
		6121F14C250A87360062503C /* PostDetails.swift in Sources */ = {isa = PBXBuildFile; fileRef = 6121F14B250A87360062503C /* PostDetails.swift */; };
		6121F14E250AA9F10062503C /* GoogleService-Info.plist in Resources */ = {isa = PBXBuildFile; fileRef = 6121F14D250AA9F10062503C /* GoogleService-Info.plist */; };
		6127996F2515D2D300D1A8FA /* PostUserInfoView.swift in Sources */ = {isa = PBXBuildFile; fileRef = 6127996E2515D2D300D1A8FA /* PostUserInfoView.swift */; };
		61453BE9250B61B1003FFE5E /* MessagesObserver.swift in Sources */ = {isa = PBXBuildFile; fileRef = 61453BE8250B61B1003FFE5E /* MessagesObserver.swift */; };
		61453BEC250B6200003FFE5E /* PostObserver.swift in Sources */ = {isa = PBXBuildFile; fileRef = 61453BEB250B6200003FFE5E /* PostObserver.swift */; };
		6145F9A4251732E800D5784E /* ImagePicker.swift in Sources */ = {isa = PBXBuildFile; fileRef = 6145F9A3251732E800D5784E /* ImagePicker.swift */; };
		614C9912253F67B9007E7BA5 /* SDWebImageSwiftUI in Frameworks */ = {isa = PBXBuildFile; productRef = 614C9911253F67B9007E7BA5 /* SDWebImageSwiftUI */; };
		614C991A253F6B57007E7BA5 /* TimeStamp.swift in Sources */ = {isa = PBXBuildFile; fileRef = 614C9919253F6B57007E7BA5 /* TimeStamp.swift */; };
		615DBE7E25306E320078B109 /* TextLimiter.swift in Sources */ = {isa = PBXBuildFile; fileRef = 615DBE7D25306E320078B109 /* TextLimiter.swift */; };
		615DBE94253336270078B109 /* UserDataObserver.swift in Sources */ = {isa = PBXBuildFile; fileRef = 615DBE93253336270078B109 /* UserDataObserver.swift */; };
		615DBEA925339DAB0078B109 /* FriendsMain.swift in Sources */ = {isa = PBXBuildFile; fileRef = 615DBEA825339DAB0078B109 /* FriendsMain.swift */; };
		615DE38E250BBEB800E59B24 /* SignInView.swift in Sources */ = {isa = PBXBuildFile; fileRef = 615DE38D250BBEB800E59B24 /* SignInView.swift */; };
		618663802511FCA0002BD453 /* NewPostView.swift in Sources */ = {isa = PBXBuildFile; fileRef = 6186637F2511FCA0002BD453 /* NewPostView.swift */; };
		61A84DBD250CB49600ED1441 /* UserDetailsView.swift in Sources */ = {isa = PBXBuildFile; fileRef = 61A84DBC250CB49600ED1441 /* UserDetailsView.swift */; };
		61DBEBEE251A02A8008758A2 /* PostImageView.swift in Sources */ = {isa = PBXBuildFile; fileRef = 61DBEBED251A02A8008758A2 /* PostImageView.swift */; };
		6B71E1CCC4BFB6C13A7E8D2F /* Pods_Sellers_Spot_Sellers_SpotUITests.framework in Frameworks */ = {isa = PBXBuildFile; fileRef = 902BD50FF1C2CF333BCD34B2 /* Pods_Sellers_Spot_Sellers_SpotUITests.framework */; };
		C7A599E23DDE51B69DE6752D /* Pods_Sellers_SpotTests.framework in Frameworks */ = {isa = PBXBuildFile; fileRef = CEF56E83C9BCCAF6EAF970A1 /* Pods_Sellers_SpotTests.framework */; };
/* End PBXBuildFile section */

/* Begin PBXContainerItemProxy section */
		6121F113250A82580062503C /* PBXContainerItemProxy */ = {
			isa = PBXContainerItemProxy;
			containerPortal = 6121F0F4250A82550062503C /* Project object */;
			proxyType = 1;
			remoteGlobalIDString = 6121F0FB250A82550062503C;
			remoteInfo = "Sellers Spot";
		};
		6121F11E250A82580062503C /* PBXContainerItemProxy */ = {
			isa = PBXContainerItemProxy;
			containerPortal = 6121F0F4250A82550062503C /* Project object */;
			proxyType = 1;
			remoteGlobalIDString = 6121F0FB250A82550062503C;
			remoteInfo = "Sellers Spot";
		};
/* End PBXContainerItemProxy section */

/* Begin PBXFileReference section */
		0A86A223B64908B2E26F09A8 /* Pods-Sellers Spot.debug.xcconfig */ = {isa = PBXFileReference; includeInIndex = 1; lastKnownFileType = text.xcconfig; name = "Pods-Sellers Spot.debug.xcconfig"; path = "Target Support Files/Pods-Sellers Spot/Pods-Sellers Spot.debug.xcconfig"; sourceTree = "<group>"; };
		14B178AEA6EF6E4C3EFEF080 /* Pods-Sellers Spot-Sellers SpotUITests.release.xcconfig */ = {isa = PBXFileReference; includeInIndex = 1; lastKnownFileType = text.xcconfig; name = "Pods-Sellers Spot-Sellers SpotUITests.release.xcconfig"; path = "Target Support Files/Pods-Sellers Spot-Sellers SpotUITests/Pods-Sellers Spot-Sellers SpotUITests.release.xcconfig"; sourceTree = "<group>"; };
		25A987ED51DD5D509DB8438B /* Pods-Sellers Spot.release.xcconfig */ = {isa = PBXFileReference; includeInIndex = 1; lastKnownFileType = text.xcconfig; name = "Pods-Sellers Spot.release.xcconfig"; path = "Target Support Files/Pods-Sellers Spot/Pods-Sellers Spot.release.xcconfig"; sourceTree = "<group>"; };
		51A57A8FE1903E40ADBBE8C2 /* Pods-Sellers Spot-Sellers SpotUITests.debug.xcconfig */ = {isa = PBXFileReference; includeInIndex = 1; lastKnownFileType = text.xcconfig; name = "Pods-Sellers Spot-Sellers SpotUITests.debug.xcconfig"; path = "Target Support Files/Pods-Sellers Spot-Sellers SpotUITests/Pods-Sellers Spot-Sellers SpotUITests.debug.xcconfig"; sourceTree = "<group>"; };
		6121F0FC250A82550062503C /* Sellers Spot.app */ = {isa = PBXFileReference; explicitFileType = wrapper.application; includeInIndex = 0; path = "Sellers Spot.app"; sourceTree = BUILT_PRODUCTS_DIR; };
		6121F0FF250A82550062503C /* AppDelegate.swift */ = {isa = PBXFileReference; lastKnownFileType = sourcecode.swift; path = AppDelegate.swift; sourceTree = "<group>"; };
		6121F101250A82550062503C /* SceneDelegate.swift */ = {isa = PBXFileReference; lastKnownFileType = sourcecode.swift; path = SceneDelegate.swift; sourceTree = "<group>"; };
		6121F108250A82580062503C /* Preview Assets.xcassets */ = {isa = PBXFileReference; lastKnownFileType = folder.assetcatalog; path = "Preview Assets.xcassets"; sourceTree = "<group>"; };
		6121F10B250A82580062503C /* Base */ = {isa = PBXFileReference; lastKnownFileType = file.storyboard; name = Base; path = Base.lproj/LaunchScreen.storyboard; sourceTree = "<group>"; };
		6121F10D250A82580062503C /* Info.plist */ = {isa = PBXFileReference; lastKnownFileType = text.plist.xml; path = Info.plist; sourceTree = "<group>"; };
		6121F112250A82580062503C /* Sellers SpotTests.xctest */ = {isa = PBXFileReference; explicitFileType = wrapper.cfbundle; includeInIndex = 0; path = "Sellers SpotTests.xctest"; sourceTree = BUILT_PRODUCTS_DIR; };
		6121F116250A82580062503C /* Sellers_SpotTests.swift */ = {isa = PBXFileReference; lastKnownFileType = sourcecode.swift; path = Sellers_SpotTests.swift; sourceTree = "<group>"; };
		6121F118250A82580062503C /* Info.plist */ = {isa = PBXFileReference; lastKnownFileType = text.plist.xml; path = Info.plist; sourceTree = "<group>"; };
		6121F11D250A82580062503C /* Sellers SpotUITests.xctest */ = {isa = PBXFileReference; explicitFileType = wrapper.cfbundle; includeInIndex = 0; path = "Sellers SpotUITests.xctest"; sourceTree = BUILT_PRODUCTS_DIR; };
		6121F121250A82580062503C /* Sellers_SpotUITests.swift */ = {isa = PBXFileReference; lastKnownFileType = sourcecode.swift; path = Sellers_SpotUITests.swift; sourceTree = "<group>"; };
		6121F123250A82580062503C /* Info.plist */ = {isa = PBXFileReference; lastKnownFileType = text.plist.xml; path = Info.plist; sourceTree = "<group>"; };
		6121F130250A82730062503C /* Assets.xcassets */ = {isa = PBXFileReference; lastKnownFileType = folder.assetcatalog; path = Assets.xcassets; sourceTree = "<group>"; };
		6121F131250A82730062503C /* ContentView.swift */ = {isa = PBXFileReference; fileEncoding = 4; lastKnownFileType = sourcecode.swift; path = ContentView.swift; sourceTree = "<group>"; };
		6121F136250A82840062503C /* AccountMain.swift */ = {isa = PBXFileReference; fileEncoding = 4; lastKnownFileType = sourcecode.swift; path = AccountMain.swift; sourceTree = "<group>"; };
		6121F13A250A82840062503C /* PostGroup.swift */ = {isa = PBXFileReference; fileEncoding = 4; lastKnownFileType = sourcecode.swift; path = PostGroup.swift; sourceTree = "<group>"; };
		6121F13B250A82840062503C /* EachPost.swift */ = {isa = PBXFileReference; fileEncoding = 4; lastKnownFileType = sourcecode.swift; path = EachPost.swift; sourceTree = "<group>"; };
		6121F13C250A82840062503C /* HomeMain.swift */ = {isa = PBXFileReference; fileEncoding = 4; lastKnownFileType = sourcecode.swift; path = HomeMain.swift; sourceTree = "<group>"; };
		6121F13E250A82840062503C /* MessageRow.swift */ = {isa = PBXFileReference; fileEncoding = 4; lastKnownFileType = sourcecode.swift; path = MessageRow.swift; sourceTree = "<group>"; };
		6121F13F250A82840062503C /* ChatBoxView.swift */ = {isa = PBXFileReference; fileEncoding = 4; lastKnownFileType = sourcecode.swift; path = ChatBoxView.swift; sourceTree = "<group>"; };
		6121F140250A82840062503C /* MessagesMain.swift */ = {isa = PBXFileReference; fileEncoding = 4; lastKnownFileType = sourcecode.swift; path = MessagesMain.swift; sourceTree = "<group>"; };
		6121F141250A82840062503C /* MessagesListView.swift */ = {isa = PBXFileReference; fileEncoding = 4; lastKnownFileType = sourcecode.swift; path = MessagesListView.swift; sourceTree = "<group>"; };
		6121F14B250A87360062503C /* PostDetails.swift */ = {isa = PBXFileReference; lastKnownFileType = sourcecode.swift; path = PostDetails.swift; sourceTree = "<group>"; };
		6121F14D250AA9F10062503C /* GoogleService-Info.plist */ = {isa = PBXFileReference; fileEncoding = 4; lastKnownFileType = text.plist.xml; path = "GoogleService-Info.plist"; sourceTree = "<group>"; };
		6127996E2515D2D300D1A8FA /* PostUserInfoView.swift */ = {isa = PBXFileReference; lastKnownFileType = sourcecode.swift; path = PostUserInfoView.swift; sourceTree = "<group>"; };
		61453BE8250B61B1003FFE5E /* MessagesObserver.swift */ = {isa = PBXFileReference; lastKnownFileType = sourcecode.swift; path = MessagesObserver.swift; sourceTree = "<group>"; };
		61453BEB250B6200003FFE5E /* PostObserver.swift */ = {isa = PBXFileReference; lastKnownFileType = sourcecode.swift; path = PostObserver.swift; sourceTree = "<group>"; };
		6145F9A3251732E800D5784E /* ImagePicker.swift */ = {isa = PBXFileReference; lastKnownFileType = sourcecode.swift; path = ImagePicker.swift; sourceTree = "<group>"; };
		614C9919253F6B57007E7BA5 /* TimeStamp.swift */ = {isa = PBXFileReference; lastKnownFileType = sourcecode.swift; path = TimeStamp.swift; sourceTree = "<group>"; };
		615DBE7D25306E320078B109 /* TextLimiter.swift */ = {isa = PBXFileReference; lastKnownFileType = sourcecode.swift; path = TextLimiter.swift; sourceTree = "<group>"; };
		615DBE93253336270078B109 /* UserDataObserver.swift */ = {isa = PBXFileReference; lastKnownFileType = sourcecode.swift; path = UserDataObserver.swift; sourceTree = "<group>"; };
		615DBEA825339DAB0078B109 /* FriendsMain.swift */ = {isa = PBXFileReference; lastKnownFileType = sourcecode.swift; path = FriendsMain.swift; sourceTree = "<group>"; };
		615DE38D250BBEB800E59B24 /* SignInView.swift */ = {isa = PBXFileReference; lastKnownFileType = sourcecode.swift; path = SignInView.swift; sourceTree = "<group>"; };
		6186637F2511FCA0002BD453 /* NewPostView.swift */ = {isa = PBXFileReference; lastKnownFileType = sourcecode.swift; path = NewPostView.swift; sourceTree = "<group>"; };
		61A84DBC250CB49600ED1441 /* UserDetailsView.swift */ = {isa = PBXFileReference; lastKnownFileType = sourcecode.swift; path = UserDetailsView.swift; sourceTree = "<group>"; };
		61DBEBED251A02A8008758A2 /* PostImageView.swift */ = {isa = PBXFileReference; lastKnownFileType = sourcecode.swift; path = PostImageView.swift; sourceTree = "<group>"; };
		78A5CA2E6441118E6F77E3B7 /* Pods-Sellers SpotTests.debug.xcconfig */ = {isa = PBXFileReference; includeInIndex = 1; lastKnownFileType = text.xcconfig; name = "Pods-Sellers SpotTests.debug.xcconfig"; path = "Target Support Files/Pods-Sellers SpotTests/Pods-Sellers SpotTests.debug.xcconfig"; sourceTree = "<group>"; };
		902BD50FF1C2CF333BCD34B2 /* Pods_Sellers_Spot_Sellers_SpotUITests.framework */ = {isa = PBXFileReference; explicitFileType = wrapper.framework; includeInIndex = 0; path = Pods_Sellers_Spot_Sellers_SpotUITests.framework; sourceTree = BUILT_PRODUCTS_DIR; };
		B16F95FE0404E0CB19E13277 /* Pods_Sellers_Spot.framework */ = {isa = PBXFileReference; explicitFileType = wrapper.framework; includeInIndex = 0; path = Pods_Sellers_Spot.framework; sourceTree = BUILT_PRODUCTS_DIR; };
		CEF56E83C9BCCAF6EAF970A1 /* Pods_Sellers_SpotTests.framework */ = {isa = PBXFileReference; explicitFileType = wrapper.framework; includeInIndex = 0; path = Pods_Sellers_SpotTests.framework; sourceTree = BUILT_PRODUCTS_DIR; };
		CF67B205ABEE27D09B857660 /* Pods-Sellers SpotTests.release.xcconfig */ = {isa = PBXFileReference; includeInIndex = 1; lastKnownFileType = text.xcconfig; name = "Pods-Sellers SpotTests.release.xcconfig"; path = "Target Support Files/Pods-Sellers SpotTests/Pods-Sellers SpotTests.release.xcconfig"; sourceTree = "<group>"; };
/* End PBXFileReference section */

/* Begin PBXFrameworksBuildPhase section */
		6121F0F9250A82550062503C /* Frameworks */ = {
			isa = PBXFrameworksBuildPhase;
			buildActionMask = 2147483647;
			files = (
				614C9912253F67B9007E7BA5 /* SDWebImageSwiftUI in Frameworks */,
				180C446071B7A65334C42A4D /* Pods_Sellers_Spot.framework in Frameworks */,
			);
			runOnlyForDeploymentPostprocessing = 0;
		};
		6121F10F250A82580062503C /* Frameworks */ = {
			isa = PBXFrameworksBuildPhase;
			buildActionMask = 2147483647;
			files = (
				C7A599E23DDE51B69DE6752D /* Pods_Sellers_SpotTests.framework in Frameworks */,
			);
			runOnlyForDeploymentPostprocessing = 0;
		};
		6121F11A250A82580062503C /* Frameworks */ = {
			isa = PBXFrameworksBuildPhase;
			buildActionMask = 2147483647;
			files = (
				6B71E1CCC4BFB6C13A7E8D2F /* Pods_Sellers_Spot_Sellers_SpotUITests.framework in Frameworks */,
			);
			runOnlyForDeploymentPostprocessing = 0;
		};
/* End PBXFrameworksBuildPhase section */

/* Begin PBXGroup section */
		6121F0F3250A82550062503C = {
			isa = PBXGroup;
			children = (
				614C9919253F6B57007E7BA5 /* TimeStamp.swift */,
				615DE38C250BBE9500E59B24 /* SignIn */,
				6121F137250A82840062503C /* Home */,
				6121F13D250A82840062503C /* Messages */,
				615DBEA725339D8D0078B109 /* Friends */,
				6121F135250A82840062503C /* Account */,
				6121F0FE250A82550062503C /* Sellers Spot */,
				6121F115250A82580062503C /* Sellers SpotTests */,
				6121F120250A82580062503C /* Sellers SpotUITests */,
				6121F0FD250A82550062503C /* Products */,
				869F154FD21481545EB98818 /* Pods */,
				8DDAF15DE2000DC2C9173226 /* Frameworks */,
			);
			sourceTree = "<group>";
		};
		6121F0FD250A82550062503C /* Products */ = {
			isa = PBXGroup;
			children = (
				6121F0FC250A82550062503C /* Sellers Spot.app */,
				6121F112250A82580062503C /* Sellers SpotTests.xctest */,
				6121F11D250A82580062503C /* Sellers SpotUITests.xctest */,
			);
			name = Products;
			sourceTree = "<group>";
		};
		6121F0FE250A82550062503C /* Sellers Spot */ = {
			isa = PBXGroup;
			children = (
				6121F0FF250A82550062503C /* AppDelegate.swift */,
				615DBE7D25306E320078B109 /* TextLimiter.swift */,
				6121F101250A82550062503C /* SceneDelegate.swift */,
				6121F130250A82730062503C /* Assets.xcassets */,
				6121F131250A82730062503C /* ContentView.swift */,
				6121F10A250A82580062503C /* LaunchScreen.storyboard */,
				6121F14D250AA9F10062503C /* GoogleService-Info.plist */,
				6121F10D250A82580062503C /* Info.plist */,
				6121F107250A82580062503C /* Preview Content */,
			);
			path = "Sellers Spot";
			sourceTree = "<group>";
		};
		6121F107250A82580062503C /* Preview Content */ = {
			isa = PBXGroup;
			children = (
				6121F108250A82580062503C /* Preview Assets.xcassets */,
			);
			path = "Preview Content";
			sourceTree = "<group>";
		};
		6121F115250A82580062503C /* Sellers SpotTests */ = {
			isa = PBXGroup;
			children = (
				6121F116250A82580062503C /* Sellers_SpotTests.swift */,
				6121F118250A82580062503C /* Info.plist */,
			);
			path = "Sellers SpotTests";
			sourceTree = "<group>";
		};
		6121F120250A82580062503C /* Sellers SpotUITests */ = {
			isa = PBXGroup;
			children = (
				6121F121250A82580062503C /* Sellers_SpotUITests.swift */,
				6121F123250A82580062503C /* Info.plist */,
			);
			path = "Sellers SpotUITests";
			sourceTree = "<group>";
		};
		6121F135250A82840062503C /* Account */ = {
			isa = PBXGroup;
			children = (
				6121F136250A82840062503C /* AccountMain.swift */,
			);
			path = Account;
			sourceTree = "<group>";
		};
		6121F137250A82840062503C /* Home */ = {
			isa = PBXGroup;
			children = (
				6121F13C250A82840062503C /* HomeMain.swift */,
				6186637E2511FC8C002BD453 /* New Post */,
				6121F138250A82840062503C /* Post Group */,
			);
			path = Home;
			sourceTree = "<group>";
		};
		6121F138250A82840062503C /* Post Group */ = {
			isa = PBXGroup;
			children = (
				6121F13A250A82840062503C /* PostGroup.swift */,
				6121F13B250A82840062503C /* EachPost.swift */,
				6121F14B250A87360062503C /* PostDetails.swift */,
				61453BEB250B6200003FFE5E /* PostObserver.swift */,
			);
			path = "Post Group";
			sourceTree = "<group>";
		};
		6121F13D250A82840062503C /* Messages */ = {
			isa = PBXGroup;
			children = (
				6121F140250A82840062503C /* MessagesMain.swift */,
				6121F141250A82840062503C /* MessagesListView.swift */,
				6121F13F250A82840062503C /* ChatBoxView.swift */,
				6121F13E250A82840062503C /* MessageRow.swift */,
				61453BE8250B61B1003FFE5E /* MessagesObserver.swift */,
			);
			path = Messages;
			sourceTree = "<group>";
		};
		6145F9942517315600D5784E /* ImagePicker */ = {
			isa = PBXGroup;
			children = (
				61DBEBED251A02A8008758A2 /* PostImageView.swift */,
				6145F9A3251732E800D5784E /* ImagePicker.swift */,
			);
			path = ImagePicker;
			sourceTree = "<group>";
		};
		615DBEA725339D8D0078B109 /* Friends */ = {
			isa = PBXGroup;
			children = (
				615DBEA825339DAB0078B109 /* FriendsMain.swift */,
			);
			path = Friends;
			sourceTree = "<group>";
		};
		615DE38C250BBE9500E59B24 /* SignIn */ = {
			isa = PBXGroup;
			children = (
				615DE38D250BBEB800E59B24 /* SignInView.swift */,
				61A84DBC250CB49600ED1441 /* UserDetailsView.swift */,
				615DBE93253336270078B109 /* UserDataObserver.swift */,
			);
			path = SignIn;
			sourceTree = "<group>";
		};
		6186637E2511FC8C002BD453 /* New Post */ = {
			isa = PBXGroup;
			children = (
				6186637F2511FCA0002BD453 /* NewPostView.swift */,
				6127996E2515D2D300D1A8FA /* PostUserInfoView.swift */,
				6145F9942517315600D5784E /* ImagePicker */,
			);
			path = "New Post";
			sourceTree = "<group>";
		};
		869F154FD21481545EB98818 /* Pods */ = {
			isa = PBXGroup;
			children = (
				0A86A223B64908B2E26F09A8 /* Pods-Sellers Spot.debug.xcconfig */,
				25A987ED51DD5D509DB8438B /* Pods-Sellers Spot.release.xcconfig */,
				51A57A8FE1903E40ADBBE8C2 /* Pods-Sellers Spot-Sellers SpotUITests.debug.xcconfig */,
				14B178AEA6EF6E4C3EFEF080 /* Pods-Sellers Spot-Sellers SpotUITests.release.xcconfig */,
				78A5CA2E6441118E6F77E3B7 /* Pods-Sellers SpotTests.debug.xcconfig */,
				CF67B205ABEE27D09B857660 /* Pods-Sellers SpotTests.release.xcconfig */,
			);
			path = Pods;
			sourceTree = "<group>";
		};
		8DDAF15DE2000DC2C9173226 /* Frameworks */ = {
			isa = PBXGroup;
			children = (
				B16F95FE0404E0CB19E13277 /* Pods_Sellers_Spot.framework */,
				902BD50FF1C2CF333BCD34B2 /* Pods_Sellers_Spot_Sellers_SpotUITests.framework */,
				CEF56E83C9BCCAF6EAF970A1 /* Pods_Sellers_SpotTests.framework */,
			);
			name = Frameworks;
			sourceTree = "<group>";
		};
/* End PBXGroup section */

/* Begin PBXNativeTarget section */
		6121F0FB250A82550062503C /* Sellers Spot */ = {
			isa = PBXNativeTarget;
			buildConfigurationList = 6121F126250A82580062503C /* Build configuration list for PBXNativeTarget "Sellers Spot" */;
			buildPhases = (
				6FDC6BF821C53DD911C4A0B0 /* [CP] Check Pods Manifest.lock */,
				6121F0F8250A82550062503C /* Sources */,
				6121F0F9250A82550062503C /* Frameworks */,
				6121F0FA250A82550062503C /* Resources */,
				894CFD8C3AB2FE47B1B506F3 /* [CP] Embed Pods Frameworks */,
				3FB516AEA55CD30B25486F66 /* [CP] Copy Pods Resources */,
			);
			buildRules = (
			);
			dependencies = (
			);
			name = "Sellers Spot";
			packageProductDependencies = (
				614C9911253F67B9007E7BA5 /* SDWebImageSwiftUI */,
			);
			productName = "Sellers Spot";
			productReference = 6121F0FC250A82550062503C /* Sellers Spot.app */;
			productType = "com.apple.product-type.application";
		};
		6121F111250A82580062503C /* Sellers SpotTests */ = {
			isa = PBXNativeTarget;
			buildConfigurationList = 6121F129250A82580062503C /* Build configuration list for PBXNativeTarget "Sellers SpotTests" */;
			buildPhases = (
				D10E28EAB8BE05E6D7B9CF45 /* [CP] Check Pods Manifest.lock */,
				6121F10E250A82580062503C /* Sources */,
				6121F10F250A82580062503C /* Frameworks */,
				6121F110250A82580062503C /* Resources */,
			);
			buildRules = (
			);
			dependencies = (
				6121F114250A82580062503C /* PBXTargetDependency */,
			);
			name = "Sellers SpotTests";
			productName = "Sellers SpotTests";
			productReference = 6121F112250A82580062503C /* Sellers SpotTests.xctest */;
			productType = "com.apple.product-type.bundle.unit-test";
		};
		6121F11C250A82580062503C /* Sellers SpotUITests */ = {
			isa = PBXNativeTarget;
			buildConfigurationList = 6121F12C250A82580062503C /* Build configuration list for PBXNativeTarget "Sellers SpotUITests" */;
			buildPhases = (
				FC43124C3F5168ACCFF283EB /* [CP] Check Pods Manifest.lock */,
				6121F119250A82580062503C /* Sources */,
				6121F11A250A82580062503C /* Frameworks */,
				6121F11B250A82580062503C /* Resources */,
				AD415C35CCBDCC4CC3D17DC1 /* [CP] Embed Pods Frameworks */,
				DDAFEF6A41F557F865C4DB3B /* [CP] Copy Pods Resources */,
			);
			buildRules = (
			);
			dependencies = (
				6121F11F250A82580062503C /* PBXTargetDependency */,
			);
			name = "Sellers SpotUITests";
			productName = "Sellers SpotUITests";
			productReference = 6121F11D250A82580062503C /* Sellers SpotUITests.xctest */;
			productType = "com.apple.product-type.bundle.ui-testing";
		};
/* End PBXNativeTarget section */

/* Begin PBXProject section */
		6121F0F4250A82550062503C /* Project object */ = {
			isa = PBXProject;
			attributes = {
				LastSwiftUpdateCheck = 1170;
				LastUpgradeCheck = 1170;
				ORGANIZATIONNAME = "Bishal Aryal";
				TargetAttributes = {
					6121F0FB250A82550062503C = {
						CreatedOnToolsVersion = 11.7;
					};
					6121F111250A82580062503C = {
						CreatedOnToolsVersion = 11.7;
						TestTargetID = 6121F0FB250A82550062503C;
					};
					6121F11C250A82580062503C = {
						CreatedOnToolsVersion = 11.7;
						TestTargetID = 6121F0FB250A82550062503C;
					};
				};
			};
			buildConfigurationList = 6121F0F7250A82550062503C /* Build configuration list for PBXProject "Sellers Spot" */;
			compatibilityVersion = "Xcode 9.3";
			developmentRegion = en;
			hasScannedForEncodings = 0;
			knownRegions = (
				en,
				Base,
			);
			mainGroup = 6121F0F3250A82550062503C;
			packageReferences = (
				614C9910253F67B9007E7BA5 /* XCRemoteSwiftPackageReference "SDWebImageSwiftUI" */,
			);
			productRefGroup = 6121F0FD250A82550062503C /* Products */;
			projectDirPath = "";
			projectRoot = "";
			targets = (
				6121F0FB250A82550062503C /* Sellers Spot */,
				6121F111250A82580062503C /* Sellers SpotTests */,
				6121F11C250A82580062503C /* Sellers SpotUITests */,
			);
		};
/* End PBXProject section */

/* Begin PBXResourcesBuildPhase section */
		6121F0FA250A82550062503C /* Resources */ = {
			isa = PBXResourcesBuildPhase;
			buildActionMask = 2147483647;
			files = (
				6121F10C250A82580062503C /* LaunchScreen.storyboard in Resources */,
				6121F109250A82580062503C /* Preview Assets.xcassets in Resources */,
				6121F14E250AA9F10062503C /* GoogleService-Info.plist in Resources */,
				6121F133250A82730062503C /* Assets.xcassets in Resources */,
			);
			runOnlyForDeploymentPostprocessing = 0;
		};
		6121F110250A82580062503C /* Resources */ = {
			isa = PBXResourcesBuildPhase;
			buildActionMask = 2147483647;
			files = (
			);
			runOnlyForDeploymentPostprocessing = 0;
		};
		6121F11B250A82580062503C /* Resources */ = {
			isa = PBXResourcesBuildPhase;
			buildActionMask = 2147483647;
			files = (
			);
			runOnlyForDeploymentPostprocessing = 0;
		};
/* End PBXResourcesBuildPhase section */

/* Begin PBXShellScriptBuildPhase section */
		3FB516AEA55CD30B25486F66 /* [CP] Copy Pods Resources */ = {
			isa = PBXShellScriptBuildPhase;
			buildActionMask = 2147483647;
			files = (
			);
			inputFileListPaths = (
				"${PODS_ROOT}/Target Support Files/Pods-Sellers Spot/Pods-Sellers Spot-resources-${CONFIGURATION}-input-files.xcfilelist",
			);
			name = "[CP] Copy Pods Resources";
			outputFileListPaths = (
				"${PODS_ROOT}/Target Support Files/Pods-Sellers Spot/Pods-Sellers Spot-resources-${CONFIGURATION}-output-files.xcfilelist",
			);
			runOnlyForDeploymentPostprocessing = 0;
			shellPath = /bin/sh;
			shellScript = "\"${PODS_ROOT}/Target Support Files/Pods-Sellers Spot/Pods-Sellers Spot-resources.sh\"\n";
			showEnvVarsInLog = 0;
		};
		6FDC6BF821C53DD911C4A0B0 /* [CP] Check Pods Manifest.lock */ = {
			isa = PBXShellScriptBuildPhase;
			buildActionMask = 2147483647;
			files = (
			);
			inputFileListPaths = (
			);
			inputPaths = (
				"${PODS_PODFILE_DIR_PATH}/Podfile.lock",
				"${PODS_ROOT}/Manifest.lock",
			);
			name = "[CP] Check Pods Manifest.lock";
			outputFileListPaths = (
			);
			outputPaths = (
				"$(DERIVED_FILE_DIR)/Pods-Sellers Spot-checkManifestLockResult.txt",
			);
			runOnlyForDeploymentPostprocessing = 0;
			shellPath = /bin/sh;
			shellScript = "diff \"${PODS_PODFILE_DIR_PATH}/Podfile.lock\" \"${PODS_ROOT}/Manifest.lock\" > /dev/null\nif [ $? != 0 ] ; then\n    # print error to STDERR\n    echo \"error: The sandbox is not in sync with the Podfile.lock. Run 'pod install' or update your CocoaPods installation.\" >&2\n    exit 1\nfi\n# This output is used by Xcode 'outputs' to avoid re-running this script phase.\necho \"SUCCESS\" > \"${SCRIPT_OUTPUT_FILE_0}\"\n";
			showEnvVarsInLog = 0;
		};
		894CFD8C3AB2FE47B1B506F3 /* [CP] Embed Pods Frameworks */ = {
			isa = PBXShellScriptBuildPhase;
			buildActionMask = 2147483647;
			files = (
			);
			inputFileListPaths = (
				"${PODS_ROOT}/Target Support Files/Pods-Sellers Spot/Pods-Sellers Spot-frameworks-${CONFIGURATION}-input-files.xcfilelist",
			);
			name = "[CP] Embed Pods Frameworks";
			outputFileListPaths = (
				"${PODS_ROOT}/Target Support Files/Pods-Sellers Spot/Pods-Sellers Spot-frameworks-${CONFIGURATION}-output-files.xcfilelist",
			);
			runOnlyForDeploymentPostprocessing = 0;
			shellPath = /bin/sh;
			shellScript = "\"${PODS_ROOT}/Target Support Files/Pods-Sellers Spot/Pods-Sellers Spot-frameworks.sh\"\n";
			showEnvVarsInLog = 0;
		};
		AD415C35CCBDCC4CC3D17DC1 /* [CP] Embed Pods Frameworks */ = {
			isa = PBXShellScriptBuildPhase;
			buildActionMask = 2147483647;
			files = (
			);
			inputFileListPaths = (
				"${PODS_ROOT}/Target Support Files/Pods-Sellers Spot-Sellers SpotUITests/Pods-Sellers Spot-Sellers SpotUITests-frameworks-${CONFIGURATION}-input-files.xcfilelist",
			);
			name = "[CP] Embed Pods Frameworks";
			outputFileListPaths = (
				"${PODS_ROOT}/Target Support Files/Pods-Sellers Spot-Sellers SpotUITests/Pods-Sellers Spot-Sellers SpotUITests-frameworks-${CONFIGURATION}-output-files.xcfilelist",
			);
			runOnlyForDeploymentPostprocessing = 0;
			shellPath = /bin/sh;
			shellScript = "\"${PODS_ROOT}/Target Support Files/Pods-Sellers Spot-Sellers SpotUITests/Pods-Sellers Spot-Sellers SpotUITests-frameworks.sh\"\n";
			showEnvVarsInLog = 0;
		};
		D10E28EAB8BE05E6D7B9CF45 /* [CP] Check Pods Manifest.lock */ = {
			isa = PBXShellScriptBuildPhase;
			buildActionMask = 2147483647;
			files = (
			);
			inputFileListPaths = (
			);
			inputPaths = (
				"${PODS_PODFILE_DIR_PATH}/Podfile.lock",
				"${PODS_ROOT}/Manifest.lock",
			);
			name = "[CP] Check Pods Manifest.lock";
			outputFileListPaths = (
			);
			outputPaths = (
				"$(DERIVED_FILE_DIR)/Pods-Sellers SpotTests-checkManifestLockResult.txt",
			);
			runOnlyForDeploymentPostprocessing = 0;
			shellPath = /bin/sh;
			shellScript = "diff \"${PODS_PODFILE_DIR_PATH}/Podfile.lock\" \"${PODS_ROOT}/Manifest.lock\" > /dev/null\nif [ $? != 0 ] ; then\n    # print error to STDERR\n    echo \"error: The sandbox is not in sync with the Podfile.lock. Run 'pod install' or update your CocoaPods installation.\" >&2\n    exit 1\nfi\n# This output is used by Xcode 'outputs' to avoid re-running this script phase.\necho \"SUCCESS\" > \"${SCRIPT_OUTPUT_FILE_0}\"\n";
			showEnvVarsInLog = 0;
		};
		DDAFEF6A41F557F865C4DB3B /* [CP] Copy Pods Resources */ = {
			isa = PBXShellScriptBuildPhase;
			buildActionMask = 2147483647;
			files = (
			);
			inputFileListPaths = (
				"${PODS_ROOT}/Target Support Files/Pods-Sellers Spot-Sellers SpotUITests/Pods-Sellers Spot-Sellers SpotUITests-resources-${CONFIGURATION}-input-files.xcfilelist",
			);
			name = "[CP] Copy Pods Resources";
			outputFileListPaths = (
				"${PODS_ROOT}/Target Support Files/Pods-Sellers Spot-Sellers SpotUITests/Pods-Sellers Spot-Sellers SpotUITests-resources-${CONFIGURATION}-output-files.xcfilelist",
			);
			runOnlyForDeploymentPostprocessing = 0;
			shellPath = /bin/sh;
			shellScript = "\"${PODS_ROOT}/Target Support Files/Pods-Sellers Spot-Sellers SpotUITests/Pods-Sellers Spot-Sellers SpotUITests-resources.sh\"\n";
			showEnvVarsInLog = 0;
		};
		FC43124C3F5168ACCFF283EB /* [CP] Check Pods Manifest.lock */ = {
			isa = PBXShellScriptBuildPhase;
			buildActionMask = 2147483647;
			files = (
			);
			inputFileListPaths = (
			);
			inputPaths = (
				"${PODS_PODFILE_DIR_PATH}/Podfile.lock",
				"${PODS_ROOT}/Manifest.lock",
			);
			name = "[CP] Check Pods Manifest.lock";
			outputFileListPaths = (
			);
			outputPaths = (
				"$(DERIVED_FILE_DIR)/Pods-Sellers Spot-Sellers SpotUITests-checkManifestLockResult.txt",
			);
			runOnlyForDeploymentPostprocessing = 0;
			shellPath = /bin/sh;
			shellScript = "diff \"${PODS_PODFILE_DIR_PATH}/Podfile.lock\" \"${PODS_ROOT}/Manifest.lock\" > /dev/null\nif [ $? != 0 ] ; then\n    # print error to STDERR\n    echo \"error: The sandbox is not in sync with the Podfile.lock. Run 'pod install' or update your CocoaPods installation.\" >&2\n    exit 1\nfi\n# This output is used by Xcode 'outputs' to avoid re-running this script phase.\necho \"SUCCESS\" > \"${SCRIPT_OUTPUT_FILE_0}\"\n";
			showEnvVarsInLog = 0;
		};
/* End PBXShellScriptBuildPhase section */

/* Begin PBXSourcesBuildPhase section */
		6121F0F8250A82550062503C /* Sources */ = {
			isa = PBXSourcesBuildPhase;
			buildActionMask = 2147483647;
			files = (
				61453BE9250B61B1003FFE5E /* MessagesObserver.swift in Sources */,
				615DBEA925339DAB0078B109 /* FriendsMain.swift in Sources */,
				618663802511FCA0002BD453 /* NewPostView.swift in Sources */,
				61453BEC250B6200003FFE5E /* PostObserver.swift in Sources */,
				6121F149250A82840062503C /* MessagesMain.swift in Sources */,
				6121F148250A82840062503C /* ChatBoxView.swift in Sources */,
				6121F100250A82550062503C /* AppDelegate.swift in Sources */,
				61A84DBD250CB49600ED1441 /* UserDetailsView.swift in Sources */,
				6121F144250A82840062503C /* PostGroup.swift in Sources */,
				6121F14A250A82840062503C /* MessagesListView.swift in Sources */,
				6121F147250A82840062503C /* MessageRow.swift in Sources */,
				615DBE94253336270078B109 /* UserDataObserver.swift in Sources */,
				6121F145250A82840062503C /* EachPost.swift in Sources */,
				6145F9A4251732E800D5784E /* ImagePicker.swift in Sources */,
				614C991A253F6B57007E7BA5 /* TimeStamp.swift in Sources */,
				615DBE7E25306E320078B109 /* TextLimiter.swift in Sources */,
				615DE38E250BBEB800E59B24 /* SignInView.swift in Sources */,
				61DBEBEE251A02A8008758A2 /* PostImageView.swift in Sources */,
				6121F102250A82550062503C /* SceneDelegate.swift in Sources */,
				6121F142250A82840062503C /* AccountMain.swift in Sources */,
				6127996F2515D2D300D1A8FA /* PostUserInfoView.swift in Sources */,
				6121F14C250A87360062503C /* PostDetails.swift in Sources */,
				6121F134250A82730062503C /* ContentView.swift in Sources */,
				6121F146250A82840062503C /* HomeMain.swift in Sources */,
			);
			runOnlyForDeploymentPostprocessing = 0;
		};
		6121F10E250A82580062503C /* Sources */ = {
			isa = PBXSourcesBuildPhase;
			buildActionMask = 2147483647;
			files = (
				6121F117250A82580062503C /* Sellers_SpotTests.swift in Sources */,
			);
			runOnlyForDeploymentPostprocessing = 0;
		};
		6121F119250A82580062503C /* Sources */ = {
			isa = PBXSourcesBuildPhase;
			buildActionMask = 2147483647;
			files = (
				6121F122250A82580062503C /* Sellers_SpotUITests.swift in Sources */,
			);
			runOnlyForDeploymentPostprocessing = 0;
		};
/* End PBXSourcesBuildPhase section */

/* Begin PBXTargetDependency section */
		6121F114250A82580062503C /* PBXTargetDependency */ = {
			isa = PBXTargetDependency;
			target = 6121F0FB250A82550062503C /* Sellers Spot */;
			targetProxy = 6121F113250A82580062503C /* PBXContainerItemProxy */;
		};
		6121F11F250A82580062503C /* PBXTargetDependency */ = {
			isa = PBXTargetDependency;
			target = 6121F0FB250A82550062503C /* Sellers Spot */;
			targetProxy = 6121F11E250A82580062503C /* PBXContainerItemProxy */;
		};
/* End PBXTargetDependency section */

/* Begin PBXVariantGroup section */
		6121F10A250A82580062503C /* LaunchScreen.storyboard */ = {
			isa = PBXVariantGroup;
			children = (
				6121F10B250A82580062503C /* Base */,
			);
			name = LaunchScreen.storyboard;
			sourceTree = "<group>";
		};
/* End PBXVariantGroup section */

/* Begin XCBuildConfiguration section */
		6121F124250A82580062503C /* Debug */ = {
			isa = XCBuildConfiguration;
			buildSettings = {
				ALWAYS_SEARCH_USER_PATHS = NO;
				CLANG_ANALYZER_NONNULL = YES;
				CLANG_ANALYZER_NUMBER_OBJECT_CONVERSION = YES_AGGRESSIVE;
				CLANG_CXX_LANGUAGE_STANDARD = "gnu++14";
				CLANG_CXX_LIBRARY = "libc++";
				CLANG_ENABLE_MODULES = YES;
				CLANG_ENABLE_OBJC_ARC = YES;
				CLANG_ENABLE_OBJC_WEAK = YES;
				CLANG_WARN_BLOCK_CAPTURE_AUTORELEASING = YES;
				CLANG_WARN_BOOL_CONVERSION = YES;
				CLANG_WARN_COMMA = YES;
				CLANG_WARN_CONSTANT_CONVERSION = YES;
				CLANG_WARN_DEPRECATED_OBJC_IMPLEMENTATIONS = YES;
				CLANG_WARN_DIRECT_OBJC_ISA_USAGE = YES_ERROR;
				CLANG_WARN_DOCUMENTATION_COMMENTS = YES;
				CLANG_WARN_EMPTY_BODY = YES;
				CLANG_WARN_ENUM_CONVERSION = YES;
				CLANG_WARN_INFINITE_RECURSION = YES;
				CLANG_WARN_INT_CONVERSION = YES;
				CLANG_WARN_NON_LITERAL_NULL_CONVERSION = YES;
				CLANG_WARN_OBJC_IMPLICIT_RETAIN_SELF = YES;
				CLANG_WARN_OBJC_LITERAL_CONVERSION = YES;
				CLANG_WARN_OBJC_ROOT_CLASS = YES_ERROR;
				CLANG_WARN_RANGE_LOOP_ANALYSIS = YES;
				CLANG_WARN_STRICT_PROTOTYPES = YES;
				CLANG_WARN_SUSPICIOUS_MOVE = YES;
				CLANG_WARN_UNGUARDED_AVAILABILITY = YES_AGGRESSIVE;
				CLANG_WARN_UNREACHABLE_CODE = YES;
				CLANG_WARN__DUPLICATE_METHOD_MATCH = YES;
				COPY_PHASE_STRIP = NO;
				DEBUG_INFORMATION_FORMAT = dwarf;
				ENABLE_STRICT_OBJC_MSGSEND = YES;
				ENABLE_TESTABILITY = YES;
				GCC_C_LANGUAGE_STANDARD = gnu11;
				GCC_DYNAMIC_NO_PIC = NO;
				GCC_NO_COMMON_BLOCKS = YES;
				GCC_OPTIMIZATION_LEVEL = 0;
				GCC_PREPROCESSOR_DEFINITIONS = (
					"DEBUG=1",
					"$(inherited)",
				);
				GCC_WARN_64_TO_32_BIT_CONVERSION = YES;
				GCC_WARN_ABOUT_RETURN_TYPE = YES_ERROR;
				GCC_WARN_UNDECLARED_SELECTOR = YES;
				GCC_WARN_UNINITIALIZED_AUTOS = YES_AGGRESSIVE;
				GCC_WARN_UNUSED_FUNCTION = YES;
				GCC_WARN_UNUSED_VARIABLE = YES;
				IPHONEOS_DEPLOYMENT_TARGET = 14.0;
				MTL_ENABLE_DEBUG_INFO = INCLUDE_SOURCE;
				MTL_FAST_MATH = YES;
				ONLY_ACTIVE_ARCH = YES;
				SDKROOT = iphoneos;
				SWIFT_ACTIVE_COMPILATION_CONDITIONS = DEBUG;
				SWIFT_OPTIMIZATION_LEVEL = "-Onone";
			};
			name = Debug;
		};
		6121F125250A82580062503C /* Release */ = {
			isa = XCBuildConfiguration;
			buildSettings = {
				ALWAYS_SEARCH_USER_PATHS = NO;
				CLANG_ANALYZER_NONNULL = YES;
				CLANG_ANALYZER_NUMBER_OBJECT_CONVERSION = YES_AGGRESSIVE;
				CLANG_CXX_LANGUAGE_STANDARD = "gnu++14";
				CLANG_CXX_LIBRARY = "libc++";
				CLANG_ENABLE_MODULES = YES;
				CLANG_ENABLE_OBJC_ARC = YES;
				CLANG_ENABLE_OBJC_WEAK = YES;
				CLANG_WARN_BLOCK_CAPTURE_AUTORELEASING = YES;
				CLANG_WARN_BOOL_CONVERSION = YES;
				CLANG_WARN_COMMA = YES;
				CLANG_WARN_CONSTANT_CONVERSION = YES;
				CLANG_WARN_DEPRECATED_OBJC_IMPLEMENTATIONS = YES;
				CLANG_WARN_DIRECT_OBJC_ISA_USAGE = YES_ERROR;
				CLANG_WARN_DOCUMENTATION_COMMENTS = YES;
				CLANG_WARN_EMPTY_BODY = YES;
				CLANG_WARN_ENUM_CONVERSION = YES;
				CLANG_WARN_INFINITE_RECURSION = YES;
				CLANG_WARN_INT_CONVERSION = YES;
				CLANG_WARN_NON_LITERAL_NULL_CONVERSION = YES;
				CLANG_WARN_OBJC_IMPLICIT_RETAIN_SELF = YES;
				CLANG_WARN_OBJC_LITERAL_CONVERSION = YES;
				CLANG_WARN_OBJC_ROOT_CLASS = YES_ERROR;
				CLANG_WARN_RANGE_LOOP_ANALYSIS = YES;
				CLANG_WARN_STRICT_PROTOTYPES = YES;
				CLANG_WARN_SUSPICIOUS_MOVE = YES;
				CLANG_WARN_UNGUARDED_AVAILABILITY = YES_AGGRESSIVE;
				CLANG_WARN_UNREACHABLE_CODE = YES;
				CLANG_WARN__DUPLICATE_METHOD_MATCH = YES;
				COPY_PHASE_STRIP = NO;
				DEBUG_INFORMATION_FORMAT = "dwarf-with-dsym";
				ENABLE_NS_ASSERTIONS = NO;
				ENABLE_STRICT_OBJC_MSGSEND = YES;
				GCC_C_LANGUAGE_STANDARD = gnu11;
				GCC_NO_COMMON_BLOCKS = YES;
				GCC_WARN_64_TO_32_BIT_CONVERSION = YES;
				GCC_WARN_ABOUT_RETURN_TYPE = YES_ERROR;
				GCC_WARN_UNDECLARED_SELECTOR = YES;
				GCC_WARN_UNINITIALIZED_AUTOS = YES_AGGRESSIVE;
				GCC_WARN_UNUSED_FUNCTION = YES;
				GCC_WARN_UNUSED_VARIABLE = YES;
				IPHONEOS_DEPLOYMENT_TARGET = 14.0;
				MTL_ENABLE_DEBUG_INFO = NO;
				MTL_FAST_MATH = YES;
				SDKROOT = iphoneos;
				SWIFT_COMPILATION_MODE = wholemodule;
				SWIFT_OPTIMIZATION_LEVEL = "-O";
				VALIDATE_PRODUCT = YES;
			};
			name = Release;
		};
		6121F127250A82580062503C /* Debug */ = {
			isa = XCBuildConfiguration;
			baseConfigurationReference = 0A86A223B64908B2E26F09A8 /* Pods-Sellers Spot.debug.xcconfig */;
			buildSettings = {
				ASSETCATALOG_COMPILER_APPICON_NAME = AppIcon;
				CODE_SIGN_STYLE = Automatic;
				DEVELOPMENT_ASSET_PATHS = "\"Sellers Spot/Preview Content\"";
				DEVELOPMENT_TEAM = HG4G2ZMGV8;
				ENABLE_PREVIEWS = YES;
				INFOPLIST_FILE = "Sellers Spot/Info.plist";
				LD_RUNPATH_SEARCH_PATHS = (
					"$(inherited)",
					"@executable_path/Frameworks",
				);
				PRODUCT_BUNDLE_IDENTIFIER = "biszaal.Sellers-Spot";
				PRODUCT_NAME = "$(TARGET_NAME)";
				SWIFT_VERSION = 5.0;
				TARGETED_DEVICE_FAMILY = "1,2";
			};
			name = Debug;
		};
		6121F128250A82580062503C /* Release */ = {
			isa = XCBuildConfiguration;
			baseConfigurationReference = 25A987ED51DD5D509DB8438B /* Pods-Sellers Spot.release.xcconfig */;
			buildSettings = {
				ASSETCATALOG_COMPILER_APPICON_NAME = AppIcon;
				CODE_SIGN_STYLE = Automatic;
				DEVELOPMENT_ASSET_PATHS = "\"Sellers Spot/Preview Content\"";
				DEVELOPMENT_TEAM = HG4G2ZMGV8;
				ENABLE_PREVIEWS = YES;
				INFOPLIST_FILE = "Sellers Spot/Info.plist";
				LD_RUNPATH_SEARCH_PATHS = (
					"$(inherited)",
					"@executable_path/Frameworks",
				);
				PRODUCT_BUNDLE_IDENTIFIER = "biszaal.Sellers-Spot";
				PRODUCT_NAME = "$(TARGET_NAME)";
				SWIFT_VERSION = 5.0;
				TARGETED_DEVICE_FAMILY = "1,2";
			};
			name = Release;
		};
		6121F12A250A82580062503C /* Debug */ = {
			isa = XCBuildConfiguration;
			baseConfigurationReference = 78A5CA2E6441118E6F77E3B7 /* Pods-Sellers SpotTests.debug.xcconfig */;
			buildSettings = {
				ALWAYS_EMBED_SWIFT_STANDARD_LIBRARIES = YES;
				BUNDLE_LOADER = "$(TEST_HOST)";
				CODE_SIGN_STYLE = Automatic;
				DEVELOPMENT_TEAM = HG4G2ZMGV8;
				INFOPLIST_FILE = "Sellers SpotTests/Info.plist";
				IPHONEOS_DEPLOYMENT_TARGET = 13.7;
				LD_RUNPATH_SEARCH_PATHS = (
					"$(inherited)",
					"@executable_path/Frameworks",
					"@loader_path/Frameworks",
				);
				PRODUCT_BUNDLE_IDENTIFIER = "biszaal.Sellers-SpotTests";
				PRODUCT_NAME = "$(TARGET_NAME)";
				SWIFT_VERSION = 5.0;
				TARGETED_DEVICE_FAMILY = "1,2";
				TEST_HOST = "$(BUILT_PRODUCTS_DIR)/Sellers Spot.app/Sellers Spot";
			};
			name = Debug;
		};
		6121F12B250A82580062503C /* Release */ = {
			isa = XCBuildConfiguration;
			baseConfigurationReference = CF67B205ABEE27D09B857660 /* Pods-Sellers SpotTests.release.xcconfig */;
			buildSettings = {
				ALWAYS_EMBED_SWIFT_STANDARD_LIBRARIES = YES;
				BUNDLE_LOADER = "$(TEST_HOST)";
				CODE_SIGN_STYLE = Automatic;
				DEVELOPMENT_TEAM = HG4G2ZMGV8;
				INFOPLIST_FILE = "Sellers SpotTests/Info.plist";
				IPHONEOS_DEPLOYMENT_TARGET = 13.7;
				LD_RUNPATH_SEARCH_PATHS = (
					"$(inherited)",
					"@executable_path/Frameworks",
					"@loader_path/Frameworks",
				);
				PRODUCT_BUNDLE_IDENTIFIER = "biszaal.Sellers-SpotTests";
				PRODUCT_NAME = "$(TARGET_NAME)";
				SWIFT_VERSION = 5.0;
				TARGETED_DEVICE_FAMILY = "1,2";
				TEST_HOST = "$(BUILT_PRODUCTS_DIR)/Sellers Spot.app/Sellers Spot";
			};
			name = Release;
		};
		6121F12D250A82580062503C /* Debug */ = {
			isa = XCBuildConfiguration;
			baseConfigurationReference = 51A57A8FE1903E40ADBBE8C2 /* Pods-Sellers Spot-Sellers SpotUITests.debug.xcconfig */;
			buildSettings = {
				ALWAYS_EMBED_SWIFT_STANDARD_LIBRARIES = YES;
				CODE_SIGN_STYLE = Automatic;
				DEVELOPMENT_TEAM = HG4G2ZMGV8;
				INFOPLIST_FILE = "Sellers SpotUITests/Info.plist";
				LD_RUNPATH_SEARCH_PATHS = (
					"$(inherited)",
					"@executable_path/Frameworks",
					"@loader_path/Frameworks",
				);
				PRODUCT_BUNDLE_IDENTIFIER = "biszaal.Sellers-SpotUITests";
				PRODUCT_NAME = "$(TARGET_NAME)";
				SWIFT_VERSION = 5.0;
				TARGETED_DEVICE_FAMILY = "1,2";
				TEST_TARGET_NAME = "Sellers Spot";
			};
			name = Debug;
		};
		6121F12E250A82580062503C /* Release */ = {
			isa = XCBuildConfiguration;
			baseConfigurationReference = 14B178AEA6EF6E4C3EFEF080 /* Pods-Sellers Spot-Sellers SpotUITests.release.xcconfig */;
			buildSettings = {
				ALWAYS_EMBED_SWIFT_STANDARD_LIBRARIES = YES;
				CODE_SIGN_STYLE = Automatic;
				DEVELOPMENT_TEAM = HG4G2ZMGV8;
				INFOPLIST_FILE = "Sellers SpotUITests/Info.plist";
				LD_RUNPATH_SEARCH_PATHS = (
					"$(inherited)",
					"@executable_path/Frameworks",
					"@loader_path/Frameworks",
				);
				PRODUCT_BUNDLE_IDENTIFIER = "biszaal.Sellers-SpotUITests";
				PRODUCT_NAME = "$(TARGET_NAME)";
				SWIFT_VERSION = 5.0;
				TARGETED_DEVICE_FAMILY = "1,2";
				TEST_TARGET_NAME = "Sellers Spot";
			};
			name = Release;
		};
/* End XCBuildConfiguration section */

/* Begin XCConfigurationList section */
		6121F0F7250A82550062503C /* Build configuration list for PBXProject "Sellers Spot" */ = {
			isa = XCConfigurationList;
			buildConfigurations = (
				6121F124250A82580062503C /* Debug */,
				6121F125250A82580062503C /* Release */,
			);
			defaultConfigurationIsVisible = 0;
			defaultConfigurationName = Release;
		};
		6121F126250A82580062503C /* Build configuration list for PBXNativeTarget "Sellers Spot" */ = {
			isa = XCConfigurationList;
			buildConfigurations = (
				6121F127250A82580062503C /* Debug */,
				6121F128250A82580062503C /* Release */,
			);
			defaultConfigurationIsVisible = 0;
			defaultConfigurationName = Release;
		};
		6121F129250A82580062503C /* Build configuration list for PBXNativeTarget "Sellers SpotTests" */ = {
			isa = XCConfigurationList;
			buildConfigurations = (
				6121F12A250A82580062503C /* Debug */,
				6121F12B250A82580062503C /* Release */,
			);
			defaultConfigurationIsVisible = 0;
			defaultConfigurationName = Release;
		};
		6121F12C250A82580062503C /* Build configuration list for PBXNativeTarget "Sellers SpotUITests" */ = {
			isa = XCConfigurationList;
			buildConfigurations = (
				6121F12D250A82580062503C /* Debug */,
				6121F12E250A82580062503C /* Release */,
			);
			defaultConfigurationIsVisible = 0;
			defaultConfigurationName = Release;
		};
/* End XCConfigurationList section */

/* Begin XCRemoteSwiftPackageReference section */
		614C9910253F67B9007E7BA5 /* XCRemoteSwiftPackageReference "SDWebImageSwiftUI" */ = {
			isa = XCRemoteSwiftPackageReference;
			repositoryURL = "https://github.com/SDWebImage/SDWebImageSwiftUI.git";
			requirement = {
				kind = upToNextMajorVersion;
				minimumVersion = 1.5.0;
			};
		};
/* End XCRemoteSwiftPackageReference section */

/* Begin XCSwiftPackageProductDependency section */
		614C9911253F67B9007E7BA5 /* SDWebImageSwiftUI */ = {
			isa = XCSwiftPackageProductDependency;
			package = 614C9910253F67B9007E7BA5 /* XCRemoteSwiftPackageReference "SDWebImageSwiftUI" */;
			productName = SDWebImageSwiftUI;
		};
/* End XCSwiftPackageProductDependency section */
	};
	rootObject = 6121F0F4250A82550062503C /* Project object */;
}
